
Microsoft Visual Studio Solution File, Format Version 12.00
# Visual Studio 15
VisualStudioVersion = 15.0.26124.0
MinimumVisualStudioVersion = 15.0.26124.0
Project("{FAE04EC0-301F-11D3-BF4B-00C04F79EFBC}") = "ConsoleApp", "ConsoleApp\ConsoleApp.csproj", "{A2E076FB-A440-439A-8C20-32AE4E03FD6E}"
EndProject
Project("{FAE04EC0-301F-11D3-BF4B-00C04F79EFBC}") = "Models", "Models\Models.csproj", "{AD3739E1-1A6C-4959-9F47-259B31AEE3C8}"
EndProject
Project("{FAE04EC0-301F-11D3-BF4B-00C04F79EFBC}") = "Models.Tests", "Models.Tests\Models.Tests.csproj", "{A855F425-2D01-449B-BE67-3371833EBA59}"
EndProject
Global
	GlobalSection(SolutionConfigurationPlatforms) = preSolution
		Debug|Any CPU = Debug|Any CPU
		Debug|x64 = Debug|x64
		Debug|x86 = Debug|x86
		Release|Any CPU = Release|Any CPU
		Release|x64 = Release|x64
		Release|x86 = Release|x86
	EndGlobalSection
	GlobalSection(SolutionProperties) = preSolution
		HideSolutionNode = FALSE
	EndGlobalSection
	GlobalSection(ProjectConfigurationPlatforms) = postSolution
		{A2E076FB-A440-439A-8C20-32AE4E03FD6E}.Debug|Any CPU.ActiveCfg = Debug|Any CPU
		{A2E076FB-A440-439A-8C20-32AE4E03FD6E}.Debug|Any CPU.Build.0 = Debug|Any CPU
		{A2E076FB-A440-439A-8C20-32AE4E03FD6E}.Debug|x64.ActiveCfg = Debug|Any CPU
		{A2E076FB-A440-439A-8C20-32AE4E03FD6E}.Debug|x64.Build.0 = Debug|Any CPU
		{A2E076FB-A440-439A-8C20-32AE4E03FD6E}.Debug|x86.ActiveCfg = Debug|Any CPU
		{A2E076FB-A440-439A-8C20-32AE4E03FD6E}.Debug|x86.Build.0 = Debug|Any CPU
		{A2E076FB-A440-439A-8C20-32AE4E03FD6E}.Release|Any CPU.ActiveCfg = Release|Any CPU
		{A2E076FB-A440-439A-8C20-32AE4E03FD6E}.Release|Any CPU.Build.0 = Release|Any CPU
		{A2E076FB-A440-439A-8C20-32AE4E03FD6E}.Release|x64.ActiveCfg = Release|Any CPU
		{A2E076FB-A440-439A-8C20-32AE4E03FD6E}.Release|x64.Build.0 = Release|Any CPU
		{A2E076FB-A440-439A-8C20-32AE4E03FD6E}.Release|x86.ActiveCfg = Release|Any CPU
		{A2E076FB-A440-439A-8C20-32AE4E03FD6E}.Release|x86.Build.0 = Release|Any CPU
		{AD3739E1-1A6C-4959-9F47-259B31AEE3C8}.Debug|Any CPU.ActiveCfg = Debug|Any CPU
		{AD3739E1-1A6C-4959-9F47-259B31AEE3C8}.Debug|Any CPU.Build.0 = Debug|Any CPU
		{AD3739E1-1A6C-4959-9F47-259B31AEE3C8}.Debug|x64.ActiveCfg = Debug|Any CPU
		{AD3739E1-1A6C-4959-9F47-259B31AEE3C8}.Debug|x64.Build.0 = Debug|Any CPU
		{AD3739E1-1A6C-4959-9F47-259B31AEE3C8}.Debug|x86.ActiveCfg = Debug|Any CPU
		{AD3739E1-1A6C-4959-9F47-259B31AEE3C8}.Debug|x86.Build.0 = Debug|Any CPU
		{AD3739E1-1A6C-4959-9F47-259B31AEE3C8}.Release|Any CPU.ActiveCfg = Release|Any CPU
		{AD3739E1-1A6C-4959-9F47-259B31AEE3C8}.Release|Any CPU.Build.0 = Release|Any CPU
		{AD3739E1-1A6C-4959-9F47-259B31AEE3C8}.Release|x64.ActiveCfg = Release|Any CPU
		{AD3739E1-1A6C-4959-9F47-259B31AEE3C8}.Release|x64.Build.0 = Release|Any CPU
		{AD3739E1-1A6C-4959-9F47-259B31AEE3C8}.Release|x86.ActiveCfg = Release|Any CPU
		{AD3739E1-1A6C-4959-9F47-259B31AEE3C8}.Release|x86.Build.0 = Release|Any CPU
		{A855F425-2D01-449B-BE67-3371833EBA59}.Debug|Any CPU.ActiveCfg = Debug|Any CPU
		{A855F425-2D01-449B-BE67-3371833EBA59}.Debug|Any CPU.Build.0 = Debug|Any CPU
		{A855F425-2D01-449B-BE67-3371833EBA59}.Debug|x64.ActiveCfg = Debug|Any CPU
		{A855F425-2D01-449B-BE67-3371833EBA59}.Debug|x64.Build.0 = Debug|Any CPU
		{A855F425-2D01-449B-BE67-3371833EBA59}.Debug|x86.ActiveCfg = Debug|Any CPU
		{A855F425-2D01-449B-BE67-3371833EBA59}.Debug|x86.Build.0 = Debug|Any CPU
		{A855F425-2D01-449B-BE67-3371833EBA59}.Release|Any CPU.ActiveCfg = Release|Any CPU
		{A855F425-2D01-449B-BE67-3371833EBA59}.Release|Any CPU.Build.0 = Release|Any CPU
		{A855F425-2D01-449B-BE67-3371833EBA59}.Release|x64.ActiveCfg = Release|Any CPU
		{A855F425-2D01-449B-BE67-3371833EBA59}.Release|x64.Build.0 = Release|Any CPU
		{A855F425-2D01-449B-BE67-3371833EBA59}.Release|x86.ActiveCfg = Release|Any CPU
		{A855F425-2D01-449B-BE67-3371833EBA59}.Release|x86.Build.0 = Release|Any CPU
	EndGlobalSection
EndGlobal
